
Microsoft Visual Studio Solution File, Format Version 12.00
# Visual Studio 14
VisualStudioVersion = 14.0.24720.0
MinimumVisualStudioVersion = 10.0.40219.1
Project("{FAE04EC0-301F-11D3-BF4B-00C04F79EFBC}") = "DungeonOfGravity", "DungeonOfGravity\DungeonOfGravity.csproj", "{FE8D773F-1A26-4E13-B304-2D6A37B9B737}"
EndProject
Project("{FAE04EC0-301F-11D3-BF4B-00C04F79EFBC}") = "DungeonOfGravityTests", "DungeonOfGravityTests\DungeonOfGravityTests.csproj", "{15B89ABF-53DE-49D6-9E0C-862970E1FCB9}"
EndProject
Global
	GlobalSection(SolutionConfigurationPlatforms) = preSolution
		Debug|Any CPU = Debug|Any CPU
		Release|Any CPU = Release|Any CPU
	EndGlobalSection
	GlobalSection(ProjectConfigurationPlatforms) = postSolution
		{FE8D773F-1A26-4E13-B304-2D6A37B9B737}.Debug|Any CPU.ActiveCfg = Debug|Any CPU
		{FE8D773F-1A26-4E13-B304-2D6A37B9B737}.Debug|Any CPU.Build.0 = Debug|Any CPU
		{FE8D773F-1A26-4E13-B304-2D6A37B9B737}.Release|Any CPU.ActiveCfg = Release|Any CPU
		{FE8D773F-1A26-4E13-B304-2D6A37B9B737}.Release|Any CPU.Build.0 = Release|Any CPU
		{15B89ABF-53DE-49D6-9E0C-862970E1FCB9}.Debug|Any CPU.ActiveCfg = Debug|Any CPU
		{15B89ABF-53DE-49D6-9E0C-862970E1FCB9}.Debug|Any CPU.Build.0 = Debug|Any CPU
		{15B89ABF-53DE-49D6-9E0C-862970E1FCB9}.Release|Any CPU.ActiveCfg = Release|Any CPU
		{15B89ABF-53DE-49D6-9E0C-862970E1FCB9}.Release|Any CPU.Build.0 = Release|Any CPU
	EndGlobalSection
	GlobalSection(SolutionProperties) = preSolution
		HideSolutionNode = FALSE
	EndGlobalSection
EndGlobal
